
Microsoft Visual Studio Solution File, Format Version 12.00
# Visual Studio 15
VisualStudioVersion = 15.0.27130.2010
MinimumVisualStudioVersion = 10.0.40219.1
Project("{FAE04EC0-301F-11D3-BF4B-00C04F79EFBC}") = "ClientUI", "ClientUI\ClientUI.csproj", "{D5AE8DA8-A4A9-4083-9466-097200391898}"
EndProject
Project("{FAE04EC0-301F-11D3-BF4B-00C04F79EFBC}") = "Messages", "Messages\Messages.csproj", "{D5B5962C-E198-49B0-ABC4-1473DAD01D8F}"
EndProject
Project("{FAE04EC0-301F-11D3-BF4B-00C04F79EFBC}") = "Sales", "Sales\Sales.csproj", "{06619F32-1E1D-433C-A3DC-5E784E632689}"
EndProject
Project("{FAE04EC0-301F-11D3-BF4B-00C04F79EFBC}") = "Billing", "Billing\Billing.csproj", "{7FE7CE6B-184F-4258-BD4B-88EDC2A61D84}"
EndProject
Project("{FAE04EC0-301F-11D3-BF4B-00C04F79EFBC}") = "Shipping", "Shipping\Shipping.csproj", "{F698400E-BB38-4528-9604-151699BF6A07}"
EndProject
Global
	GlobalSection(SolutionConfigurationPlatforms) = preSolution
		Debug|Any CPU = Debug|Any CPU
		Release|Any CPU = Release|Any CPU
	EndGlobalSection
	GlobalSection(ProjectConfigurationPlatforms) = postSolution
		{D5AE8DA8-A4A9-4083-9466-097200391898}.Debug|Any CPU.ActiveCfg = Debug|Any CPU
		{D5AE8DA8-A4A9-4083-9466-097200391898}.Debug|Any CPU.Build.0 = Debug|Any CPU
		{D5AE8DA8-A4A9-4083-9466-097200391898}.Release|Any CPU.ActiveCfg = Release|Any CPU
		{D5AE8DA8-A4A9-4083-9466-097200391898}.Release|Any CPU.Build.0 = Release|Any CPU
		{D5B5962C-E198-49B0-ABC4-1473DAD01D8F}.Debug|Any CPU.ActiveCfg = Debug|Any CPU
		{D5B5962C-E198-49B0-ABC4-1473DAD01D8F}.Debug|Any CPU.Build.0 = Debug|Any CPU
		{D5B5962C-E198-49B0-ABC4-1473DAD01D8F}.Release|Any CPU.ActiveCfg = Release|Any CPU
		{D5B5962C-E198-49B0-ABC4-1473DAD01D8F}.Release|Any CPU.Build.0 = Release|Any CPU
		{06619F32-1E1D-433C-A3DC-5E784E632689}.Debug|Any CPU.ActiveCfg = Debug|Any CPU
		{06619F32-1E1D-433C-A3DC-5E784E632689}.Debug|Any CPU.Build.0 = Debug|Any CPU
		{06619F32-1E1D-433C-A3DC-5E784E632689}.Release|Any CPU.ActiveCfg = Release|Any CPU
		{06619F32-1E1D-433C-A3DC-5E784E632689}.Release|Any CPU.Build.0 = Release|Any CPU
		{7FE7CE6B-184F-4258-BD4B-88EDC2A61D84}.Debug|Any CPU.ActiveCfg = Debug|Any CPU
		{7FE7CE6B-184F-4258-BD4B-88EDC2A61D84}.Debug|Any CPU.Build.0 = Debug|Any CPU
		{7FE7CE6B-184F-4258-BD4B-88EDC2A61D84}.Release|Any CPU.ActiveCfg = Release|Any CPU
		{7FE7CE6B-184F-4258-BD4B-88EDC2A61D84}.Release|Any CPU.Build.0 = Release|Any CPU
		{F698400E-BB38-4528-9604-151699BF6A07}.Debug|Any CPU.ActiveCfg = Debug|Any CPU
		{F698400E-BB38-4528-9604-151699BF6A07}.Debug|Any CPU.Build.0 = Debug|Any CPU
		{F698400E-BB38-4528-9604-151699BF6A07}.Release|Any CPU.ActiveCfg = Release|Any CPU
		{F698400E-BB38-4528-9604-151699BF6A07}.Release|Any CPU.Build.0 = Release|Any CPU
	EndGlobalSection
	GlobalSection(SolutionProperties) = preSolution
		HideSolutionNode = FALSE
	EndGlobalSection
	GlobalSection(ExtensibilityGlobals) = postSolution
		SolutionGuid = {27E7E724-B972-4777-8B94-DAA07FC437F5}
	EndGlobalSection
EndGlobal
